
Microsoft Visual Studio Solution File, Format Version 12.00
# Visual Studio Version 17
VisualStudioVersion = 17.11.35312.102
MinimumVisualStudioVersion = 10.0.40219.1
Project("{8BC9CEB8-8B4A-11D0-8D11-00A0C91BC942}") = "New_SoulslikeGame", "New_SoulslikeGame.vcxproj", "{D41BD71B-7E20-4D31-ADCD-630CC200D409}"
EndProject
Global
	GlobalSection(SolutionConfigurationPlatforms) = preSolution
		Debug|x64 = Debug|x64
		Debug|x86 = Debug|x86
		Release|x64 = Release|x64
		Release|x86 = Release|x86
	EndGlobalSection
	GlobalSection(ProjectConfigurationPlatforms) = postSolution
		{D41BD71B-7E20-4D31-ADCD-630CC200D409}.Debug|x64.ActiveCfg = Debug|x64
		{D41BD71B-7E20-4D31-ADCD-630CC200D409}.Debug|x64.Build.0 = Debug|x64
		{D41BD71B-7E20-4D31-ADCD-630CC200D409}.Debug|x86.ActiveCfg = Debug|Win32
		{D41BD71B-7E20-4D31-ADCD-630CC200D409}.Debug|x86.Build.0 = Debug|Win32
		{D41BD71B-7E20-4D31-ADCD-630CC200D409}.Release|x64.ActiveCfg = Release|x64
		{D41BD71B-7E20-4D31-ADCD-630CC200D409}.Release|x64.Build.0 = Release|x64
		{D41BD71B-7E20-4D31-ADCD-630CC200D409}.Release|x86.ActiveCfg = Release|Win32
		{D41BD71B-7E20-4D31-ADCD-630CC200D409}.Release|x86.Build.0 = Release|Win32
	EndGlobalSection
	GlobalSection(SolutionProperties) = preSolution
		HideSolutionNode = FALSE
	EndGlobalSection
	GlobalSection(ExtensibilityGlobals) = postSolution
		SolutionGuid = {E5F93BF5-EEBD-48C7-A150-7A5003C4AAF1}
	EndGlobalSection
EndGlobal
